
Microsoft Visual Studio Solution File, Format Version 12.00
# Visual Studio Version 17
VisualStudioVersion = 17.9.34728.123
MinimumVisualStudioVersion = 10.0.40219.1
Project("{9A19103F-16F7-4668-BE54-9A1E7A4F7556}") = "NetProje.API", "NetProje\NetProje.API.csproj", "{92B44870-B5B5-48E5-819F-4441494B30BC}"
EndProject
Project("{FAE04EC0-301F-11D3-BF4B-00C04F79EFBC}") = "NetProje.Repository", "NetProje.Repository\NetProje.Repository.csproj", "{9434098E-3DB5-4107-9B37-C5E4B3209374}"
EndProject
Project("{FAE04EC0-301F-11D3-BF4B-00C04F79EFBC}") = "NetProje.Service", "NetProje.Service\NetProje.Service.csproj", "{39914802-49A0-44A9-AC27-3DD40E5743A7}"
EndProject
Global
	GlobalSection(SolutionConfigurationPlatforms) = preSolution
		Debug|Any CPU = Debug|Any CPU
		Release|Any CPU = Release|Any CPU
	EndGlobalSection
	GlobalSection(ProjectConfigurationPlatforms) = postSolution
		{92B44870-B5B5-48E5-819F-4441494B30BC}.Debug|Any CPU.ActiveCfg = Debug|Any CPU
		{92B44870-B5B5-48E5-819F-4441494B30BC}.Debug|Any CPU.Build.0 = Debug|Any CPU
		{92B44870-B5B5-48E5-819F-4441494B30BC}.Release|Any CPU.ActiveCfg = Release|Any CPU
		{92B44870-B5B5-48E5-819F-4441494B30BC}.Release|Any CPU.Build.0 = Release|Any CPU
		{9434098E-3DB5-4107-9B37-C5E4B3209374}.Debug|Any CPU.ActiveCfg = Debug|Any CPU
		{9434098E-3DB5-4107-9B37-C5E4B3209374}.Debug|Any CPU.Build.0 = Debug|Any CPU
		{9434098E-3DB5-4107-9B37-C5E4B3209374}.Release|Any CPU.ActiveCfg = Release|Any CPU
		{9434098E-3DB5-4107-9B37-C5E4B3209374}.Release|Any CPU.Build.0 = Release|Any CPU
		{39914802-49A0-44A9-AC27-3DD40E5743A7}.Debug|Any CPU.ActiveCfg = Debug|Any CPU
		{39914802-49A0-44A9-AC27-3DD40E5743A7}.Debug|Any CPU.Build.0 = Debug|Any CPU
		{39914802-49A0-44A9-AC27-3DD40E5743A7}.Release|Any CPU.ActiveCfg = Release|Any CPU
		{39914802-49A0-44A9-AC27-3DD40E5743A7}.Release|Any CPU.Build.0 = Release|Any CPU
	EndGlobalSection
	GlobalSection(SolutionProperties) = preSolution
		HideSolutionNode = FALSE
	EndGlobalSection
	GlobalSection(ExtensibilityGlobals) = postSolution
		SolutionGuid = {3EC72924-2681-4E33-86DB-889CF4FD5BA3}
	EndGlobalSection
EndGlobal
